PODS:
  - Material (2.0.0)

DEPENDENCIES:
  - Material (from `https://github.com/CosmicMind/Material`, branch `development`)

EXTERNAL SOURCES:
  Material:
    :branch: development
    :git: https://github.com/CosmicMind/Material

CHECKOUT OPTIONS:
  Material:
    :commit: 09cdb27c84fafbff4eb7ff1ad293b95663a345c2
    :git: https://github.com/CosmicMind/Material

SPEC CHECKSUMS:
  Material: 61dcd49507c32d07c1557267ec360ce35bd0b1c5

PODFILE CHECKSUM: 33d2bd2defc5abe1f2a0e3cc530a23c5fff721cc

COCOAPODS: 1.0.1
